{
  "version": 4,
  "terraform_version": "1.11.4",
  "serial": 11,
  "lineage": "8adb6f0e-cc54-dbfc-a635-347f539397b2",
  "outputs": {},
  "resources": [
    {
      "mode": "data",
      "type": "yandex_compute_image",
      "name": "ubuntu_image",
      "provider": "provider[\"registry.terraform.io/yandex-cloud/yandex\"]",
      "instances": [
        {
          "schema_version": 0,
          "attributes": {
            "created_at": "2025-04-14T11:05:36Z",
            "description": "Ubuntu 22.04 lts v20250404030346",
            "family": "ubuntu-2204-lts",
            "folder_id": "standard-images",
            "hardware_generation": [
              {
                "generation2_features": [],
                "legacy_features": [
                  {
                    "pci_topology": "PCI_TOPOLOGY_V1"
                  }
                ]
              }
            ],
            "id": "fd8smepb6mdk5nk8khe3",
            "image_id": "fd8smepb6mdk5nk8khe3",
            "kms_key_id": null,
            "labels": {
              "version": "20250404030346",
              "x-hopper-operation-id": "d9pcgg1f1ie9cuubaadl",
              "x-hopper-source-image-id": "fd8ub61ukiu5g281g0jp"
            },
            "min_disk_size": 8,
            "name": "ubuntu-22-04-lts-v20250414",
            "os_type": "linux",
            "pooled": true,
            "product_ids": [
              "f2englsgq8prrurohu5m"
            ],
            "size": 2,
            "status": "ready"
          },
          "sensitive_attributes": []
        }
      ]
    },
    {
      "mode": "data",
      "type": "yandex_vpc_network",
      "name": "existing_network",
      "provider": "provider[\"registry.terraform.io/yandex-cloud/yandex\"]",
      "instances": [
        {
          "schema_version": 0,
          "attributes": {
            "created_at": "2025-04-10T13:36:31Z",
            "default_security_group_id": "enpsa9c3c77u1jfmalfa",
            "description": "Auto-created network",
            "folder_id": "b1go54br3u58e1almovi",
            "id": "enpsmcdo67jnq23ehqh1",
            "labels": {},
            "name": "default",
            "network_id": "enpsmcdo67jnq23ehqh1",
            "subnet_ids": [
              "e2lugo8mg29988m5okr9",
              "e9bb0f5ui6a0s9sk7d3m",
              "e9bqj7htra69qrrfgn64",
              "fl8c898fjthvbfe0789p"
            ]
          },
          "sensitive_attributes": []
        }
      ]
    },
    {
      "mode": "managed",
      "type": "yandex_vpc_subnet",
      "name": "default",
      "provider": "provider[\"registry.terraform.io/yandex-cloud/yandex\"]",
      "instances": [
        {
          "schema_version": 0,
          "attributes": {
            "created_at": "2025-04-10T16:12:08Z",
            "description": "",
            "dhcp_options": [],
            "folder_id": "b1go54br3u58e1almovi",
            "id": "e9bb0f5ui6a0s9sk7d3m",
            "labels": {},
            "name": "my-subnet",
            "network_id": "enpsmcdo67jnq23ehqh1",
            "route_table_id": "",
            "timeouts": null,
            "v4_cidr_blocks": [
              "10.0.0.0/24"
            ],
            "v6_cidr_blocks": [],
            "zone": "ru-central1-a"
          },
          "sensitive_attributes": [],
          "private": "eyJlMmJmYjczMC1lY2FhLTExZTYtOGY4OC0zNDM2M2JjN2M0YzAiOnsiY3JlYXRlIjoxODAwMDAwMDAwMDAsImRlbGV0ZSI6MTgwMDAwMDAwMDAwLCJ1cGRhdGUiOjE4MDAwMDAwMDAwMH19",
          "dependencies": [
            "data.yandex_vpc_network.existing_network"
          ]
        }
      ]
    }
  ],
  "check_results": null
}
